// !$*UTF8*$!
{
	archiveVersion = 1;
	classes = {
	};
	objectVersion = 46;
	objects = {

/* Begin PBXBuildFile section */
		6515A6D9195B7AA900A6DBE6 /* Foundation.framework in Frameworks */ = {isa = PBXBuildFile; fileRef = 6515A6D8195B7AA900A6DBE6 /* Foundation.framework */; };
		6515A6DB195B7AA900A6DBE6 /* CoreGraphics.framework in Frameworks */ = {isa = PBXBuildFile; fileRef = 6515A6DA195B7AA900A6DBE6 /* CoreGraphics.framework */; };
		6515A6DD195B7AA900A6DBE6 /* UIKit.framework in Frameworks */ = {isa = PBXBuildFile; fileRef = 6515A6DC195B7AA900A6DBE6 /* UIKit.framework */; };
		6515A6E3195B7AA900A6DBE6 /* InfoPlist.strings in Resources */ = {isa = PBXBuildFile; fileRef = 6515A6E1195B7AA900A6DBE6 /* InfoPlist.strings */; };
		6515A6E5195B7AA900A6DBE6 /* main.m in Sources */ = {isa = PBXBuildFile; fileRef = 6515A6E4195B7AA900A6DBE6 /* main.m */; };
		6515A6E9195B7AA900A6DBE6 /* MGAppDelegate.m in Sources */ = {isa = PBXBuildFile; fileRef = 6515A6E8195B7AA900A6DBE6 /* MGAppDelegate.m */; };
		6515A6F1195B7AA900A6DBE6 /* Images.xcassets in Resources */ = {isa = PBXBuildFile; fileRef = 6515A6F0195B7AA900A6DBE6 /* Images.xcassets */; };
		6515A6F8195B7AA900A6DBE6 /* XCTest.framework in Frameworks */ = {isa = PBXBuildFile; fileRef = 6515A6F7195B7AA900A6DBE6 /* XCTest.framework */; };
		6515A6F9195B7AA900A6DBE6 /* Foundation.framework in Frameworks */ = {isa = PBXBuildFile; fileRef = 6515A6D8195B7AA900A6DBE6 /* Foundation.framework */; };
		6515A6FA195B7AA900A6DBE6 /* UIKit.framework in Frameworks */ = {isa = PBXBuildFile; fileRef = 6515A6DC195B7AA900A6DBE6 /* UIKit.framework */; };
		6515A702195B7AA900A6DBE6 /* InfoPlist.strings in Resources */ = {isa = PBXBuildFile; fileRef = 6515A700195B7AA900A6DBE6 /* InfoPlist.strings */; };
		6515A704195B7AA900A6DBE6 /* MGSpotyViewTests.m in Sources */ = {isa = PBXBuildFile; fileRef = 6515A703195B7AA900A6DBE6 /* MGSpotyViewTests.m */; };
		6515A710195B7BC100A6DBE6 /* MGSpotyViewController.m in Sources */ = {isa = PBXBuildFile; fileRef = 6515A70F195B7BC100A6DBE6 /* MGSpotyViewController.m */; };
		6515A713195B891900A6DBE6 /* MGViewController.m in Sources */ = {isa = PBXBuildFile; fileRef = 6515A712195B891900A6DBE6 /* MGViewController.m */; };
		65A9FEAE1AA330EF001F31AA /* MGSpotyView.m in Sources */ = {isa = PBXBuildFile; fileRef = 65A9FEAD1AA330EF001F31AA /* MGSpotyView.m */; };
		65E924BE195D825200EA4236 /* UIImage+ImageEffects.m in Sources */ = {isa = PBXBuildFile; fileRef = 65E924BB195D825200EA4236 /* UIImage+ImageEffects.m */; };
		65E924BF195D825200EA4236 /* UIImageView+LBBlurredImage.m in Sources */ = {isa = PBXBuildFile; fileRef = 65E924BD195D825200EA4236 /* UIImageView+LBBlurredImage.m */; };
/* End PBXBuildFile section */

/* Begin PBXContainerItemProxy section */
		6515A6FB195B7AA900A6DBE6 /* PBXContainerItemProxy */ = {
			isa = PBXContainerItemProxy;
			containerPortal = 6515A6CD195B7AA900A6DBE6 /* Project object */;
			proxyType = 1;
			remoteGlobalIDString = 6515A6D4195B7AA900A6DBE6;
			remoteInfo = MGSpotyView;
		};
/* End PBXContainerItemProxy section */

/* Begin PBXFileReference section */
		6515A6D5195B7AA900A6DBE6 /* MGSpotyView.app */ = {isa = PBXFileReference; explicitFileType = wrapper.application; includeInIndex = 0; path = MGSpotyView.app; sourceTree = BUILT_PRODUCTS_DIR; };
		6515A6D8195B7AA900A6DBE6 /* Foundation.framework */ = {isa = PBXFileReference; lastKnownFileType = wrapper.framework; name = Foundation.framework; path = System/Library/Frameworks/Foundation.framework; sourceTree = SDKROOT; };
		6515A6DA195B7AA900A6DBE6 /* CoreGraphics.framework */ = {isa = PBXFileReference; lastKnownFileType = wrapper.framework; name = CoreGraphics.framework; path = System/Library/Frameworks/CoreGraphics.framework; sourceTree = SDKROOT; };
		6515A6DC195B7AA900A6DBE6 /* UIKit.framework */ = {isa = PBXFileReference; lastKnownFileType = wrapper.framework; name = UIKit.framework; path = System/Library/Frameworks/UIKit.framework; sourceTree = SDKROOT; };
		6515A6E0195B7AA900A6DBE6 /* MGSpotyView-Info.plist */ = {isa = PBXFileReference; lastKnownFileType = text.plist.xml; path = "MGSpotyView-Info.plist"; sourceTree = "<group>"; };
		6515A6E2195B7AA900A6DBE6 /* en */ = {isa = PBXFileReference; lastKnownFileType = text.plist.strings; name = en; path = en.lproj/InfoPlist.strings; sourceTree = "<group>"; };
		6515A6E4195B7AA900A6DBE6 /* main.m */ = {isa = PBXFileReference; lastKnownFileType = sourcecode.c.objc; path = main.m; sourceTree = "<group>"; };
		6515A6E6195B7AA900A6DBE6 /* MGSpotyView-Prefix.pch */ = {isa = PBXFileReference; lastKnownFileType = sourcecode.c.h; path = "MGSpotyView-Prefix.pch"; sourceTree = "<group>"; };
		6515A6E7195B7AA900A6DBE6 /* MGAppDelegate.h */ = {isa = PBXFileReference; lastKnownFileType = sourcecode.c.h; path = MGAppDelegate.h; sourceTree = "<group>"; };
		6515A6E8195B7AA900A6DBE6 /* MGAppDelegate.m */ = {isa = PBXFileReference; lastKnownFileType = sourcecode.c.objc; path = MGAppDelegate.m; sourceTree = "<group>"; };
		6515A6F0195B7AA900A6DBE6 /* Images.xcassets */ = {isa = PBXFileReference; lastKnownFileType = folder.assetcatalog; path = Images.xcassets; sourceTree = "<group>"; };
		6515A6F6195B7AA900A6DBE6 /* MGSpotyViewTests.xctest */ = {isa = PBXFileReference; explicitFileType = wrapper.cfbundle; includeInIndex = 0; path = MGSpotyViewTests.xctest; sourceTree = BUILT_PRODUCTS_DIR; };
		6515A6F7195B7AA900A6DBE6 /* XCTest.framework */ = {isa = PBXFileReference; lastKnownFileType = wrapper.framework; name = XCTest.framework; path = Library/Frameworks/XCTest.framework; sourceTree = DEVELOPER_DIR; };
		6515A6FF195B7AA900A6DBE6 /* MGSpotyViewTests-Info.plist */ = {isa = PBXFileReference; lastKnownFileType = text.plist.xml; path = "MGSpotyViewTests-Info.plist"; sourceTree = "<group>"; };
		6515A701195B7AA900A6DBE6 /* en */ = {isa = PBXFileReference; lastKnownFileType = text.plist.strings; name = en; path = en.lproj/InfoPlist.strings; sourceTree = "<group>"; };
		6515A703195B7AA900A6DBE6 /* MGSpotyViewTests.m */ = {isa = PBXFileReference; lastKnownFileType = sourcecode.c.objc; path = MGSpotyViewTests.m; sourceTree = "<group>"; };
		6515A70E195B7BC100A6DBE6 /* MGSpotyViewController.h */ = {isa = PBXFileReference; fileEncoding = 4; lastKnownFileType = sourcecode.c.h; path = MGSpotyViewController.h; sourceTree = "<group>"; };
		6515A70F195B7BC100A6DBE6 /* MGSpotyViewController.m */ = {isa = PBXFileReference; fileEncoding = 4; lastKnownFileType = sourcecode.c.objc; path = MGSpotyViewController.m; sourceTree = "<group>"; };
		6515A711195B891900A6DBE6 /* MGViewController.h */ = {isa = PBXFileReference; fileEncoding = 4; lastKnownFileType = sourcecode.c.h; path = MGViewController.h; sourceTree = "<group>"; };
		6515A712195B891900A6DBE6 /* MGViewController.m */ = {isa = PBXFileReference; fileEncoding = 4; lastKnownFileType = sourcecode.c.objc; path = MGViewController.m; sourceTree = "<group>"; };
		65A9FEAC1AA330EF001F31AA /* MGSpotyView.h */ = {isa = PBXFileReference; fileEncoding = 4; lastKnownFileType = sourcecode.c.h; path = MGSpotyView.h; sourceTree = "<group>"; };
		65A9FEAD1AA330EF001F31AA /* MGSpotyView.m */ = {isa = PBXFileReference; fileEncoding = 4; lastKnownFileType = sourcecode.c.objc; path = MGSpotyView.m; sourceTree = "<group>"; };
		65E924BA195D825200EA4236 /* UIImage+ImageEffects.h */ = {isa = PBXFileReference; fileEncoding = 4; lastKnownFileType = sourcecode.c.h; path = "UIImage+ImageEffects.h"; sourceTree = "<group>"; };
		65E924BB195D825200EA4236 /* UIImage+ImageEffects.m */ = {isa = PBXFileReference; fileEncoding = 4; lastKnownFileType = sourcecode.c.objc; path = "UIImage+ImageEffects.m"; sourceTree = "<group>"; };
		65E924BC195D825200EA4236 /* UIImageView+LBBlurredImage.h */ = {isa = PBXFileReference; fileEncoding = 4; lastKnownFileType = sourcecode.c.h; path = "UIImageView+LBBlurredImage.h"; sourceTree = "<group>"; };
		65E924BD195D825200EA4236 /* UIImageView+LBBlurredImage.m */ = {isa = PBXFileReference; fileEncoding = 4; lastKnownFileType = sourcecode.c.objc; path = "UIImageView+LBBlurredImage.m"; sourceTree = "<group>"; };
/* End PBXFileReference section */

/* Begin PBXFrameworksBuildPhase section */
		6515A6D2195B7AA900A6DBE6 /* Frameworks */ = {
			isa = PBXFrameworksBuildPhase;
			buildActionMask = 2147483647;
			files = (
				6515A6DB195B7AA900A6DBE6 /* CoreGraphics.framework in Frameworks */,
				6515A6DD195B7AA900A6DBE6 /* UIKit.framework in Frameworks */,
				6515A6D9195B7AA900A6DBE6 /* Foundation.framework in Frameworks */,
			);
			runOnlyForDeploymentPostprocessing = 0;
		};
		6515A6F3195B7AA900A6DBE6 /* Frameworks */ = {
			isa = PBXFrameworksBuildPhase;
			buildActionMask = 2147483647;
			files = (
				6515A6F8195B7AA900A6DBE6 /* XCTest.framework in Frameworks */,
				6515A6FA195B7AA900A6DBE6 /* UIKit.framework in Frameworks */,
				6515A6F9195B7AA900A6DBE6 /* Foundation.framework in Frameworks */,
			);
			runOnlyForDeploymentPostprocessing = 0;
		};
/* End PBXFrameworksBuildPhase section */

/* Begin PBXGroup section */
		6515A6CC195B7AA900A6DBE6 = {
			isa = PBXGroup;
			children = (
				6515A6DE195B7AA900A6DBE6 /* MGSpotyView */,
				6515A6FD195B7AA900A6DBE6 /* MGSpotyViewTests */,
				6515A6D7195B7AA900A6DBE6 /* Frameworks */,
				6515A6D6195B7AA900A6DBE6 /* Products */,
			);
			sourceTree = "<group>";
		};
		6515A6D6195B7AA900A6DBE6 /* Products */ = {
			isa = PBXGroup;
			children = (
				6515A6D5195B7AA900A6DBE6 /* MGSpotyView.app */,
				6515A6F6195B7AA900A6DBE6 /* MGSpotyViewTests.xctest */,
			);
			name = Products;
			sourceTree = "<group>";
		};
		6515A6D7195B7AA900A6DBE6 /* Frameworks */ = {
			isa = PBXGroup;
			children = (
				6515A6D8195B7AA900A6DBE6 /* Foundation.framework */,
				6515A6DA195B7AA900A6DBE6 /* CoreGraphics.framework */,
				6515A6DC195B7AA900A6DBE6 /* UIKit.framework */,
				6515A6F7195B7AA900A6DBE6 /* XCTest.framework */,
			);
			name = Frameworks;
			sourceTree = "<group>";
		};
		6515A6DE195B7AA900A6DBE6 /* MGSpotyView */ = {
			isa = PBXGroup;
			children = (
				6515A70D195B7B6300A6DBE6 /* MGSpotyViewController */,
				6515A6E7195B7AA900A6DBE6 /* MGAppDelegate.h */,
				6515A6E8195B7AA900A6DBE6 /* MGAppDelegate.m */,
				6515A711195B891900A6DBE6 /* MGViewController.h */,
				6515A712195B891900A6DBE6 /* MGViewController.m */,
				6515A6F0195B7AA900A6DBE6 /* Images.xcassets */,
				6515A6DF195B7AA900A6DBE6 /* Supporting Files */,
			);
			path = MGSpotyView;
			sourceTree = "<group>";
		};
		6515A6DF195B7AA900A6DBE6 /* Supporting Files */ = {
			isa = PBXGroup;
			children = (
				6515A6E0195B7AA900A6DBE6 /* MGSpotyView-Info.plist */,
				6515A6E1195B7AA900A6DBE6 /* InfoPlist.strings */,
				6515A6E4195B7AA900A6DBE6 /* main.m */,
				6515A6E6195B7AA900A6DBE6 /* MGSpotyView-Prefix.pch */,
			);
			name = "Supporting Files";
			sourceTree = "<group>";
		};
		6515A6FD195B7AA900A6DBE6 /* MGSpotyViewTests */ = {
			isa = PBXGroup;
			children = (
				6515A703195B7AA900A6DBE6 /* MGSpotyViewTests.m */,
				6515A6FE195B7AA900A6DBE6 /* Supporting Files */,
			);
			path = MGSpotyViewTests;
			sourceTree = "<group>";
		};
		6515A6FE195B7AA900A6DBE6 /* Supporting Files */ = {
			isa = PBXGroup;
			children = (
				6515A6FF195B7AA900A6DBE6 /* MGSpotyViewTests-Info.plist */,
				6515A700195B7AA900A6DBE6 /* InfoPlist.strings */,
			);
			name = "Supporting Files";
			sourceTree = "<group>";
		};
		6515A70D195B7B6300A6DBE6 /* MGSpotyViewController */ = {
			isa = PBXGroup;
			children = (
				65E924B9195D825200EA4236 /* ImageEffects */,
				6515A70E195B7BC100A6DBE6 /* MGSpotyViewController.h */,
				6515A70F195B7BC100A6DBE6 /* MGSpotyViewController.m */,
				65A9FEAC1AA330EF001F31AA /* MGSpotyView.h */,
				65A9FEAD1AA330EF001F31AA /* MGSpotyView.m */,
			);
			path = MGSpotyViewController;
			sourceTree = SOURCE_ROOT;
		};
		65E924B9195D825200EA4236 /* ImageEffects */ = {
			isa = PBXGroup;
			children = (
				65E924BA195D825200EA4236 /* UIImage+ImageEffects.h */,
				65E924BB195D825200EA4236 /* UIImage+ImageEffects.m */,
				65E924BC195D825200EA4236 /* UIImageView+LBBlurredImage.h */,
				65E924BD195D825200EA4236 /* UIImageView+LBBlurredImage.m */,
			);
			path = ImageEffects;
			sourceTree = "<group>";
		};
/* End PBXGroup section */

/* Begin PBXNativeTarget section */
		6515A6D4195B7AA900A6DBE6 /* MGSpotyView */ = {
			isa = PBXNativeTarget;
			buildConfigurationList = 6515A707195B7AA900A6DBE6 /* Build configuration list for PBXNativeTarget "MGSpotyView" */;
			buildPhases = (
				6515A6D1195B7AA900A6DBE6 /* Sources */,
				6515A6D2195B7AA900A6DBE6 /* Frameworks */,
				6515A6D3195B7AA900A6DBE6 /* Resources */,
			);
			buildRules = (
			);
			dependencies = (
			);
			name = MGSpotyView;
			productName = MGSpotyView;
			productReference = 6515A6D5195B7AA900A6DBE6 /* MGSpotyView.app */;
			productType = "com.apple.product-type.application";
		};
		6515A6F5195B7AA900A6DBE6 /* MGSpotyViewTests */ = {
			isa = PBXNativeTarget;
			buildConfigurationList = 6515A70A195B7AA900A6DBE6 /* Build configuration list for PBXNativeTarget "MGSpotyViewTests" */;
			buildPhases = (
				6515A6F2195B7AA900A6DBE6 /* Sources */,
				6515A6F3195B7AA900A6DBE6 /* Frameworks */,
				6515A6F4195B7AA900A6DBE6 /* Resources */,
			);
			buildRules = (
			);
			dependencies = (
				6515A6FC195B7AA900A6DBE6 /* PBXTargetDependency */,
			);
			name = MGSpotyViewTests;
			productName = MGSpotyViewTests;
			productReference = 6515A6F6195B7AA900A6DBE6 /* MGSpotyViewTests.xctest */;
			productType = "com.apple.product-type.bundle.unit-test";
		};
/* End PBXNativeTarget section */

/* Begin PBXProject section */
		6515A6CD195B7AA900A6DBE6 /* Project object */ = {
			isa = PBXProject;
			attributes = {
				CLASSPREFIX = MG;
				LastUpgradeCheck = 0510;
				ORGANIZATIONNAME = "Matteo Gobbi";
				TargetAttributes = {
					6515A6D4195B7AA900A6DBE6 = {
						DevelopmentTeam = VU323Z2F3M;
					};
					6515A6F5195B7AA900A6DBE6 = {
						TestTargetID = 6515A6D4195B7AA900A6DBE6;
					};
				};
			};
			buildConfigurationList = 6515A6D0195B7AA900A6DBE6 /* Build configuration list for PBXProject "MGSpotyView" */;
			compatibilityVersion = "Xcode 3.2";
			developmentRegion = English;
			hasScannedForEncodings = 0;
			knownRegions = (
				en,
				Base,
			);
			mainGroup = 6515A6CC195B7AA900A6DBE6;
			productRefGroup = 6515A6D6195B7AA900A6DBE6 /* Products */;
			projectDirPath = "";
			projectRoot = "";
			targets = (
				6515A6D4195B7AA900A6DBE6 /* MGSpotyView */,
				6515A6F5195B7AA900A6DBE6 /* MGSpotyViewTests */,
			);
		};
/* End PBXProject section */

/* Begin PBXResourcesBuildPhase section */
		6515A6D3195B7AA900A6DBE6 /* Resources */ = {
			isa = PBXResourcesBuildPhase;
			buildActionMask = 2147483647;
			files = (
				6515A6F1195B7AA900A6DBE6 /* Images.xcassets in Resources */,
				6515A6E3195B7AA900A6DBE6 /* InfoPlist.strings in Resources */,
			);
			runOnlyForDeploymentPostprocessing = 0;
		};
		6515A6F4195B7AA900A6DBE6 /* Resources */ = {
			isa = PBXResourcesBuildPhase;
			buildActionMask = 2147483647;
			files = (
				6515A702195B7AA900A6DBE6 /* InfoPlist.strings in Resources */,
			);
			runOnlyForDeploymentPostprocessing = 0;
		};
/* End PBXResourcesBuildPhase section */

/* Begin PBXSourcesBuildPhase section */
		6515A6D1195B7AA900A6DBE6 /* Sources */ = {
			isa = PBXSourcesBuildPhase;
			buildActionMask = 2147483647;
			files = (
				6515A713195B891900A6DBE6 /* MGViewController.m in Sources */,
				65E924BE195D825200EA4236 /* UIImage+ImageEffects.m in Sources */,
				6515A710195B7BC100A6DBE6 /* MGSpotyViewController.m in Sources */,
				65E924BF195D825200EA4236 /* UIImageView+LBBlurredImage.m in Sources */,
				6515A6E9195B7AA900A6DBE6 /* MGAppDelegate.m in Sources */,
				65A9FEAE1AA330EF001F31AA /* MGSpotyView.m in Sources */,
				6515A6E5195B7AA900A6DBE6 /* main.m in Sources */,
			);
			runOnlyForDeploymentPostprocessing = 0;
		};
		6515A6F2195B7AA900A6DBE6 /* Sources */ = {
			isa = PBXSourcesBuildPhase;
			buildActionMask = 2147483647;
			files = (
				6515A704195B7AA900A6DBE6 /* MGSpotyViewTests.m in Sources */,
			);
			runOnlyForDeploymentPostprocessing = 0;
		};
/* End PBXSourcesBuildPhase section */

/* Begin PBXTargetDependency section */
		6515A6FC195B7AA900A6DBE6 /* PBXTargetDependency */ = {
			isa = PBXTargetDependency;
			target = 6515A6D4195B7AA900A6DBE6 /* MGSpotyView */;
			targetProxy = 6515A6FB195B7AA900A6DBE6 /* PBXContainerItemProxy */;
		};
/* End PBXTargetDependency section */

/* Begin PBXVariantGroup section */
		6515A6E1195B7AA900A6DBE6 /* InfoPlist.strings */ = {
			isa = PBXVariantGroup;
			children = (
				6515A6E2195B7AA900A6DBE6 /* en */,
			);
			name = InfoPlist.strings;
			sourceTree = "<group>";
		};
		6515A700195B7AA900A6DBE6 /* InfoPlist.strings */ = {
			isa = PBXVariantGroup;
			children = (
				6515A701195B7AA900A6DBE6 /* en */,
			);
			name = InfoPlist.strings;
			sourceTree = "<group>";
		};
/* End PBXVariantGroup section */

/* Begin XCBuildConfiguration section */
		6515A705195B7AA900A6DBE6 /* Debug */ = {
			isa = XCBuildConfiguration;
			buildSettings = {
				ALWAYS_SEARCH_USER_PATHS = NO;
				CLANG_CXX_LANGUAGE_STANDARD = "gnu++0x";
				CLANG_CXX_LIBRARY = "libc++";
				CLANG_ENABLE_MODULES = YES;
				CLANG_ENABLE_OBJC_ARC = YES;
				CLANG_WARN_BOOL_CONVERSION = YES;
				CLANG_WARN_CONSTANT_CONVERSION = YES;
				CLANG_WARN_DIRECT_OBJC_ISA_USAGE = YES_ERROR;
				CLANG_WARN_EMPTY_BODY = YES;
				CLANG_WARN_ENUM_CONVERSION = YES;
				CLANG_WARN_INT_CONVERSION = YES;
				CLANG_WARN_OBJC_ROOT_CLASS = YES_ERROR;
				CLANG_WARN__DUPLICATE_METHOD_MATCH = YES;
				"CODE_SIGN_IDENTITY[sdk=iphoneos*]" = "iPhone Developer";
				COPY_PHASE_STRIP = NO;
				GCC_C_LANGUAGE_STANDARD = gnu99;
				GCC_DYNAMIC_NO_PIC = NO;
				GCC_OPTIMIZATION_LEVEL = 0;
				GCC_PREPROCESSOR_DEFINITIONS = (
					"DEBUG=1",
					"$(inherited)",
				);
				GCC_SYMBOLS_PRIVATE_EXTERN = NO;
				GCC_WARN_64_TO_32_BIT_CONVERSION = YES;
				GCC_WARN_ABOUT_RETURN_TYPE = YES_ERROR;
				GCC_WARN_UNDECLARED_SELECTOR = YES;
				GCC_WARN_UNINITIALIZED_AUTOS = YES_AGGRESSIVE;
				GCC_WARN_UNUSED_FUNCTION = YES;
				GCC_WARN_UNUSED_VARIABLE = YES;
				IPHONEOS_DEPLOYMENT_TARGET = 7.1;
				ONLY_ACTIVE_ARCH = YES;
				SDKROOT = iphoneos;
			};
			name = Debug;
		};
		6515A706195B7AA900A6DBE6 /* Release */ = {
			isa = XCBuildConfiguration;
			buildSettings = {
				ALWAYS_SEARCH_USER_PATHS = NO;
				CLANG_CXX_LANGUAGE_STANDARD = "gnu++0x";
				CLANG_CXX_LIBRARY = "libc++";
				CLANG_ENABLE_MODULES = YES;
				CLANG_ENABLE_OBJC_ARC = YES;
				CLANG_WARN_BOOL_CONVERSION = YES;
				CLANG_WARN_CONSTANT_CONVERSION = YES;
				CLANG_WARN_DIRECT_OBJC_ISA_USAGE = YES_ERROR;
				CLANG_WARN_EMPTY_BODY = YES;
				CLANG_WARN_ENUM_CONVERSION = YES;
				CLANG_WARN_INT_CONVERSION = YES;
				CLANG_WARN_OBJC_ROOT_CLASS = YES_ERROR;
				CLANG_WARN__DUPLICATE_METHOD_MATCH = YES;
				"CODE_SIGN_IDENTITY[sdk=iphoneos*]" = "iPhone Developer";
				COPY_PHASE_STRIP = YES;
				ENABLE_NS_ASSERTIONS = NO;
				GCC_C_LANGUAGE_STANDARD = gnu99;
				GCC_WARN_64_TO_32_BIT_CONVERSION = YES;
				GCC_WARN_ABOUT_RETURN_TYPE = YES_ERROR;
				GCC_WARN_UNDECLARED_SELECTOR = YES;
				GCC_WARN_UNINITIALIZED_AUTOS = YES_AGGRESSIVE;
				GCC_WARN_UNUSED_FUNCTION = YES;
				GCC_WARN_UNUSED_VARIABLE = YES;
				IPHONEOS_DEPLOYMENT_TARGET = 7.1;
				SDKROOT = iphoneos;
				VALIDATE_PRODUCT = YES;
			};
			name = Release;
		};
		6515A708195B7AA900A6DBE6 /* Debug */ = {
			isa = XCBuildConfiguration;
			buildSettings = {
				ASSETCATALOG_COMPILER_APPICON_NAME = AppIcon;
				ASSETCATALOG_COMPILER_LAUNCHIMAGE_NAME = LaunchImage;
				CODE_SIGN_IDENTITY = "iPhone Developer";
				GCC_PRECOMPILE_PREFIX_HEADER = YES;
				GCC_PREFIX_HEADER = "MGSpotyView/MGSpotyView-Prefix.pch";
				INFOPLIST_FILE = "MGSpotyView/MGSpotyView-Info.plist";
				PRODUCT_NAME = "$(TARGET_NAME)";
				WRAPPER_EXTENSION = app;
			};
			name = Debug;
		};
		6515A709195B7AA900A6DBE6 /* Release */ = {
			isa = XCBuildConfiguration;
			buildSettings = {
				ASSETCATALOG_COMPILER_APPICON_NAME = AppIcon;
				ASSETCATALOG_COMPILER_LAUNCHIMAGE_NAME = LaunchImage;
				CODE_SIGN_IDENTITY = "iPhone Developer";
				GCC_PRECOMPILE_PREFIX_HEADER = YES;
				GCC_PREFIX_HEADER = "MGSpotyView/MGSpotyView-Prefix.pch";
				INFOPLIST_FILE = "MGSpotyView/MGSpotyView-Info.plist";
				PRODUCT_NAME = "$(TARGET_NAME)";
				WRAPPER_EXTENSION = app;
			};
			name = Release;
		};
		6515A70B195B7AA900A6DBE6 /* Debug */ = {
			isa = XCBuildConfiguration;
			buildSettings = {
				BUNDLE_LOADER = "$(BUILT_PRODUCTS_DIR)/MGSpotyView.app/MGSpotyView";
				FRAMEWORK_SEARCH_PATHS = (
					"$(SDKROOT)/Developer/Library/Frameworks",
					"$(inherited)",
					"$(DEVELOPER_FRAMEWORKS_DIR)",
				);
				GCC_PRECOMPILE_PREFIX_HEADER = YES;
				GCC_PREFIX_HEADER = "MGSpotyView/MGSpotyView-Prefix.pch";
				GCC_PREPROCESSOR_DEFINITIONS = (
					"DEBUG=1",
					"$(inherited)",
				);
				INFOPLIST_FILE = "MGSpotyViewTests/MGSpotyViewTests-Info.plist";
				PRODUCT_NAME = "$(TARGET_NAME)";
				TEST_HOST = "$(BUNDLE_LOADER)";
				WRAPPER_EXTENSION = xctest;
			};
			name = Debug;
		};
		6515A70C195B7AA900A6DBE6 /* Release */ = {
			isa = XCBuildConfiguration;
			buildSettings = {
				BUNDLE_LOADER = "$(BUILT_PRODUCTS_DIR)/MGSpotyView.app/MGSpotyView";
				FRAMEWORK_SEARCH_PATHS = (
					"$(SDKROOT)/Developer/Library/Frameworks",
					"$(inherited)",
					"$(DEVELOPER_FRAMEWORKS_DIR)",
				);
				GCC_PRECOMPILE_PREFIX_HEADER = YES;
				GCC_PREFIX_HEADER = "MGSpotyView/MGSpotyView-Prefix.pch";
				INFOPLIST_FILE = "MGSpotyViewTests/MGSpotyViewTests-Info.plist";
				PRODUCT_NAME = "$(TARGET_NAME)";
				TEST_HOST = "$(BUNDLE_LOADER)";
				WRAPPER_EXTENSION = xctest;
			};
			name = Release;
		};
/* End XCBuildConfiguration section */

/* Begin XCConfigurationList section */
		6515A6D0195B7AA900A6DBE6 /* Build configuration list for PBXProject "MGSpotyView" */ = {
			isa = XCConfigurationList;
			buildConfigurations = (
				6515A705195B7AA900A6DBE6 /* Debug */,
				6515A706195B7AA900A6DBE6 /* Release */,
			);
			defaultConfigurationIsVisible = 0;
			defaultConfigurationName = Release;
		};
		6515A707195B7AA900A6DBE6 /* Build configuration list for PBXNativeTarget "MGSpotyView" */ = {
			isa = XCConfigurationList;
			buildConfigurations = (
				6515A708195B7AA900A6DBE6 /* Debug */,
				6515A709195B7AA900A6DBE6 /* Release */,
			);
			defaultConfigurationIsVisible = 0;
			defaultConfigurationName = Release;
		};
		6515A70A195B7AA900A6DBE6 /* Build configuration list for PBXNativeTarget "MGSpotyViewTests" */ = {
			isa = XCConfigurationList;
			buildConfigurations = (
				6515A70B195B7AA900A6DBE6 /* Debug */,
				6515A70C195B7AA900A6DBE6 /* Release */,
			);
			defaultConfigurationIsVisible = 0;
			defaultConfigurationName = Release;
		};
/* End XCConfigurationList section */
	};
	rootObject = 6515A6CD195B7AA900A6DBE6 /* Project object */;
}
