// !$*UTF8*$!
{
	archiveVersion = 1;
	classes = {
	};
	objectVersion = 46;
	objects = {

/* Begin PBXBuildFile section */
		9A3FFC8E1B876AE600D4945C /* main.m in Sources */ = {isa = PBXBuildFile; fileRef = 9A3FFC8D1B876AE600D4945C /* main.m */; };
		9A3FFC911B876AE600D4945C /* AppDelegate.m in Sources */ = {isa = PBXBuildFile; fileRef = 9A3FFC901B876AE600D4945C /* AppDelegate.m */; };
		9A3FFC991B876AE600D4945C /* Images.xcassets in Resources */ = {isa = PBXBuildFile; fileRef = 9A3FFC981B876AE600D4945C /* Images.xcassets */; };
		9A3FFC9C1B876AE600D4945C /* LaunchScreen.xib in Resources */ = {isa = PBXBuildFile; fileRef = 9A3FFC9A1B876AE600D4945C /* LaunchScreen.xib */; };
		9A3FFCA81B876AE600D4945C /* MGSpotyViewTests.m in Sources */ = {isa = PBXBuildFile; fileRef = 9A3FFCA71B876AE600D4945C /* MGSpotyViewTests.m */; };
		9A3FFCBD1B876B0B00D4945C /* UIImage+ImageEffects.m in Sources */ = {isa = PBXBuildFile; fileRef = 9A3FFCB41B876B0B00D4945C /* UIImage+ImageEffects.m */; };
		9A3FFCBE1B876B0B00D4945C /* UIImageView+LBBlurredImage.m in Sources */ = {isa = PBXBuildFile; fileRef = 9A3FFCB61B876B0B00D4945C /* UIImageView+LBBlurredImage.m */; };
		9A3FFCBF1B876B0B00D4945C /* MGSpotyView.m in Sources */ = {isa = PBXBuildFile; fileRef = 9A3FFCB81B876B0B00D4945C /* MGSpotyView.m */; };
		9A3FFCC01B876B0B00D4945C /* MGSpotyViewController.m in Sources */ = {isa = PBXBuildFile; fileRef = 9A3FFCBA1B876B0B00D4945C /* MGSpotyViewController.m */; };
		9A3FFCC71B876B6400D4945C /* MGViewController.m in Sources */ = {isa = PBXBuildFile; fileRef = 9A3FFCC21B876B6400D4945C /* MGViewController.m */; };
		9A3FFCC81B876B6400D4945C /* MGViewControllerDataSource.m in Sources */ = {isa = PBXBuildFile; fileRef = 9A3FFCC41B876B6400D4945C /* MGViewControllerDataSource.m */; };
		9A3FFCC91B876B6400D4945C /* MGViewControllerDelegate.m in Sources */ = {isa = PBXBuildFile; fileRef = 9A3FFCC61B876B6400D4945C /* MGViewControllerDelegate.m */; };
/* End PBXBuildFile section */

/* Begin PBXContainerItemProxy section */
		9A3FFCA21B876AE600D4945C /* PBXContainerItemProxy */ = {
			isa = PBXContainerItemProxy;
			containerPortal = 9A3FFC801B876AE600D4945C /* Project object */;
			proxyType = 1;
			remoteGlobalIDString = 9A3FFC871B876AE600D4945C;
			remoteInfo = MGSpotyView;
		};
/* End PBXContainerItemProxy section */

/* Begin PBXFileReference section */
		9A3FFC881B876AE600D4945C /* MGSpotyView.app */ = {isa = PBXFileReference; explicitFileType = wrapper.application; includeInIndex = 0; path = MGSpotyView.app; sourceTree = BUILT_PRODUCTS_DIR; };
		9A3FFC8C1B876AE600D4945C /* Info.plist */ = {isa = PBXFileReference; lastKnownFileType = text.plist.xml; path = Info.plist; sourceTree = "<group>"; };
		9A3FFC8D1B876AE600D4945C /* main.m */ = {isa = PBXFileReference; lastKnownFileType = sourcecode.c.objc; path = main.m; sourceTree = "<group>"; };
		9A3FFC8F1B876AE600D4945C /* AppDelegate.h */ = {isa = PBXFileReference; lastKnownFileType = sourcecode.c.h; path = AppDelegate.h; sourceTree = "<group>"; };
		9A3FFC901B876AE600D4945C /* AppDelegate.m */ = {isa = PBXFileReference; lastKnownFileType = sourcecode.c.objc; path = AppDelegate.m; sourceTree = "<group>"; };
		9A3FFC981B876AE600D4945C /* Images.xcassets */ = {isa = PBXFileReference; lastKnownFileType = folder.assetcatalog; path = Images.xcassets; sourceTree = "<group>"; };
		9A3FFC9B1B876AE600D4945C /* Base */ = {isa = PBXFileReference; lastKnownFileType = file.xib; name = Base; path = Base.lproj/LaunchScreen.xib; sourceTree = "<group>"; };
		9A3FFCA11B876AE600D4945C /* MGSpotyViewTests.xctest */ = {isa = PBXFileReference; explicitFileType = wrapper.cfbundle; includeInIndex = 0; path = MGSpotyViewTests.xctest; sourceTree = BUILT_PRODUCTS_DIR; };
		9A3FFCA61B876AE600D4945C /* Info.plist */ = {isa = PBXFileReference; lastKnownFileType = text.plist.xml; path = Info.plist; sourceTree = "<group>"; };
		9A3FFCA71B876AE600D4945C /* MGSpotyViewTests.m */ = {isa = PBXFileReference; lastKnownFileType = sourcecode.c.objc; path = MGSpotyViewTests.m; sourceTree = "<group>"; };
		9A3FFCB31B876B0B00D4945C /* UIImage+ImageEffects.h */ = {isa = PBXFileReference; fileEncoding = 4; lastKnownFileType = sourcecode.c.h; path = "UIImage+ImageEffects.h"; sourceTree = "<group>"; };
		9A3FFCB41B876B0B00D4945C /* UIImage+ImageEffects.m */ = {isa = PBXFileReference; fileEncoding = 4; lastKnownFileType = sourcecode.c.objc; path = "UIImage+ImageEffects.m"; sourceTree = "<group>"; };
		9A3FFCB51B876B0B00D4945C /* UIImageView+LBBlurredImage.h */ = {isa = PBXFileReference; fileEncoding = 4; lastKnownFileType = sourcecode.c.h; path = "UIImageView+LBBlurredImage.h"; sourceTree = "<group>"; };
		9A3FFCB61B876B0B00D4945C /* UIImageView+LBBlurredImage.m */ = {isa = PBXFileReference; fileEncoding = 4; lastKnownFileType = sourcecode.c.objc; path = "UIImageView+LBBlurredImage.m"; sourceTree = "<group>"; };
		9A3FFCB71B876B0B00D4945C /* MGSpotyView.h */ = {isa = PBXFileReference; fileEncoding = 4; lastKnownFileType = sourcecode.c.h; path = MGSpotyView.h; sourceTree = "<group>"; };
		9A3FFCB81B876B0B00D4945C /* MGSpotyView.m */ = {isa = PBXFileReference; fileEncoding = 4; lastKnownFileType = sourcecode.c.objc; path = MGSpotyView.m; sourceTree = "<group>"; };
		9A3FFCB91B876B0B00D4945C /* MGSpotyViewController.h */ = {isa = PBXFileReference; fileEncoding = 4; lastKnownFileType = sourcecode.c.h; path = MGSpotyViewController.h; sourceTree = "<group>"; };
		9A3FFCBA1B876B0B00D4945C /* MGSpotyViewController.m */ = {isa = PBXFileReference; fileEncoding = 4; lastKnownFileType = sourcecode.c.objc; path = MGSpotyViewController.m; sourceTree = "<group>"; };
		9A3FFCBB1B876B0B00D4945C /* MGSpotyViewControllerDataSource.h */ = {isa = PBXFileReference; fileEncoding = 4; lastKnownFileType = sourcecode.c.h; path = MGSpotyViewControllerDataSource.h; sourceTree = "<group>"; };
		9A3FFCBC1B876B0B00D4945C /* MGSpotyViewControllerDelegate.h */ = {isa = PBXFileReference; fileEncoding = 4; lastKnownFileType = sourcecode.c.h; path = MGSpotyViewControllerDelegate.h; sourceTree = "<group>"; };
		9A3FFCC11B876B6400D4945C /* MGViewController.h */ = {isa = PBXFileReference; fileEncoding = 4; lastKnownFileType = sourcecode.c.h; path = MGViewController.h; sourceTree = "<group>"; };
		9A3FFCC21B876B6400D4945C /* MGViewController.m */ = {isa = PBXFileReference; fileEncoding = 4; lastKnownFileType = sourcecode.c.objc; path = MGViewController.m; sourceTree = "<group>"; };
		9A3FFCC31B876B6400D4945C /* MGViewControllerDataSource.h */ = {isa = PBXFileReference; fileEncoding = 4; lastKnownFileType = sourcecode.c.h; path = MGViewControllerDataSource.h; sourceTree = "<group>"; };
		9A3FFCC41B876B6400D4945C /* MGViewControllerDataSource.m */ = {isa = PBXFileReference; fileEncoding = 4; lastKnownFileType = sourcecode.c.objc; path = MGViewControllerDataSource.m; sourceTree = "<group>"; };
		9A3FFCC51B876B6400D4945C /* MGViewControllerDelegate.h */ = {isa = PBXFileReference; fileEncoding = 4; lastKnownFileType = sourcecode.c.h; path = MGViewControllerDelegate.h; sourceTree = "<group>"; };
		9A3FFCC61B876B6400D4945C /* MGViewControllerDelegate.m */ = {isa = PBXFileReference; fileEncoding = 4; lastKnownFileType = sourcecode.c.objc; path = MGViewControllerDelegate.m; sourceTree = "<group>"; };
/* End PBXFileReference section */

/* Begin PBXFrameworksBuildPhase section */
		9A3FFC851B876AE600D4945C /* Frameworks */ = {
			isa = PBXFrameworksBuildPhase;
			buildActionMask = 2147483647;
			files = (
			);
			runOnlyForDeploymentPostprocessing = 0;
		};
		9A3FFC9E1B876AE600D4945C /* Frameworks */ = {
			isa = PBXFrameworksBuildPhase;
			buildActionMask = 2147483647;
			files = (
			);
			runOnlyForDeploymentPostprocessing = 0;
		};
/* End PBXFrameworksBuildPhase section */

/* Begin PBXGroup section */
		9A3FFC7F1B876AE600D4945C = {
			isa = PBXGroup;
			children = (
				9A3FFC8A1B876AE600D4945C /* MGSpotyView */,
				9A3FFCA41B876AE600D4945C /* MGSpotyViewTests */,
				9A3FFC891B876AE600D4945C /* Products */,
			);
			sourceTree = "<group>";
		};
		9A3FFC891B876AE600D4945C /* Products */ = {
			isa = PBXGroup;
			children = (
				9A3FFC881B876AE600D4945C /* MGSpotyView.app */,
				9A3FFCA11B876AE600D4945C /* MGSpotyViewTests.xctest */,
			);
			name = Products;
			sourceTree = "<group>";
		};
		9A3FFC8A1B876AE600D4945C /* MGSpotyView */ = {
			isa = PBXGroup;
			children = (
				9A3FFCB11B876B0B00D4945C /* MGSpotyViewController */,
				9A3FFC8F1B876AE600D4945C /* AppDelegate.h */,
				9A3FFC901B876AE600D4945C /* AppDelegate.m */,
				9A3FFCC11B876B6400D4945C /* MGViewController.h */,
				9A3FFCC21B876B6400D4945C /* MGViewController.m */,
				9A3FFCCA1B876B7200D4945C /* DataSource & Delegate */,
				9A3FFC981B876AE600D4945C /* Images.xcassets */,
				9A3FFC9A1B876AE600D4945C /* LaunchScreen.xib */,
				9A3FFC8B1B876AE600D4945C /* Supporting Files */,
			);
			path = MGSpotyView;
			sourceTree = "<group>";
		};
		9A3FFC8B1B876AE600D4945C /* Supporting Files */ = {
			isa = PBXGroup;
			children = (
				9A3FFC8C1B876AE600D4945C /* Info.plist */,
				9A3FFC8D1B876AE600D4945C /* main.m */,
			);
			name = "Supporting Files";
			sourceTree = "<group>";
		};
		9A3FFCA41B876AE600D4945C /* MGSpotyViewTests */ = {
			isa = PBXGroup;
			children = (
				9A3FFCA71B876AE600D4945C /* MGSpotyViewTests.m */,
				9A3FFCA51B876AE600D4945C /* Supporting Files */,
			);
			path = MGSpotyViewTests;
			sourceTree = "<group>";
		};
		9A3FFCA51B876AE600D4945C /* Supporting Files */ = {
			isa = PBXGroup;
			children = (
				9A3FFCA61B876AE600D4945C /* Info.plist */,
			);
			name = "Supporting Files";
			sourceTree = "<group>";
		};
		9A3FFCB11B876B0B00D4945C /* MGSpotyViewController */ = {
			isa = PBXGroup;
			children = (
				9A3FFCB21B876B0B00D4945C /* ImageEffects */,
				9A3FFCB71B876B0B00D4945C /* MGSpotyView.h */,
				9A3FFCB81B876B0B00D4945C /* MGSpotyView.m */,
				9A3FFCB91B876B0B00D4945C /* MGSpotyViewController.h */,
				9A3FFCBA1B876B0B00D4945C /* MGSpotyViewController.m */,
				9A3FFCBB1B876B0B00D4945C /* MGSpotyViewControllerDataSource.h */,
				9A3FFCBC1B876B0B00D4945C /* MGSpotyViewControllerDelegate.h */,
			);
			path = MGSpotyViewController;
			sourceTree = SOURCE_ROOT;
		};
		9A3FFCB21B876B0B00D4945C /* ImageEffects */ = {
			isa = PBXGroup;
			children = (
				9A3FFCB31B876B0B00D4945C /* UIImage+ImageEffects.h */,
				9A3FFCB41B876B0B00D4945C /* UIImage+ImageEffects.m */,
				9A3FFCB51B876B0B00D4945C /* UIImageView+LBBlurredImage.h */,
				9A3FFCB61B876B0B00D4945C /* UIImageView+LBBlurredImage.m */,
			);
			path = ImageEffects;
			sourceTree = "<group>";
		};
		9A3FFCCA1B876B7200D4945C /* DataSource & Delegate */ = {
			isa = PBXGroup;
			children = (
				9A3FFCC31B876B6400D4945C /* MGViewControllerDataSource.h */,
				9A3FFCC41B876B6400D4945C /* MGViewControllerDataSource.m */,
				9A3FFCC51B876B6400D4945C /* MGViewControllerDelegate.h */,
				9A3FFCC61B876B6400D4945C /* MGViewControllerDelegate.m */,
			);
			name = "DataSource & Delegate";
			sourceTree = "<group>";
		};
/* End PBXGroup section */

/* Begin PBXNativeTarget section */
		9A3FFC871B876AE600D4945C /* MGSpotyView */ = {
			isa = PBXNativeTarget;
			buildConfigurationList = 9A3FFCAB1B876AE600D4945C /* Build configuration list for PBXNativeTarget "MGSpotyView" */;
			buildPhases = (
				9A3FFC841B876AE600D4945C /* Sources */,
				9A3FFC851B876AE600D4945C /* Frameworks */,
				9A3FFC861B876AE600D4945C /* Resources */,
			);
			buildRules = (
			);
			dependencies = (
			);
			name = MGSpotyView;
			productName = MGSpotyView;
			productReference = 9A3FFC881B876AE600D4945C /* MGSpotyView.app */;
			productType = "com.apple.product-type.application";
		};
		9A3FFCA01B876AE600D4945C /* MGSpotyViewTests */ = {
			isa = PBXNativeTarget;
			buildConfigurationList = 9A3FFCAE1B876AE600D4945C /* Build configuration list for PBXNativeTarget "MGSpotyViewTests" */;
			buildPhases = (
				9A3FFC9D1B876AE600D4945C /* Sources */,
				9A3FFC9E1B876AE600D4945C /* Frameworks */,
				9A3FFC9F1B876AE600D4945C /* Resources */,
			);
			buildRules = (
			);
			dependencies = (
				9A3FFCA31B876AE600D4945C /* PBXTargetDependency */,
			);
			name = MGSpotyViewTests;
			productName = MGSpotyViewTests;
			productReference = 9A3FFCA11B876AE600D4945C /* MGSpotyViewTests.xctest */;
			productType = "com.apple.product-type.bundle.unit-test";
		};
/* End PBXNativeTarget section */

/* Begin PBXProject section */
		9A3FFC801B876AE600D4945C /* Project object */ = {
			isa = PBXProject;
			attributes = {
				LastUpgradeCheck = 0640;
				ORGANIZATIONNAME = "Daniele Bogo";
				TargetAttributes = {
					9A3FFC871B876AE600D4945C = {
						CreatedOnToolsVersion = 6.4;
					};
					9A3FFCA01B876AE600D4945C = {
						CreatedOnToolsVersion = 6.4;
						TestTargetID = 9A3FFC871B876AE600D4945C;
					};
				};
			};
			buildConfigurationList = 9A3FFC831B876AE600D4945C /* Build configuration list for PBXProject "MGSpotyView" */;
			compatibilityVersion = "Xcode 3.2";
			developmentRegion = English;
			hasScannedForEncodings = 0;
			knownRegions = (
				en,
				Base,
			);
			mainGroup = 9A3FFC7F1B876AE600D4945C;
			productRefGroup = 9A3FFC891B876AE600D4945C /* Products */;
			projectDirPath = "";
			projectRoot = "";
			targets = (
				9A3FFC871B876AE600D4945C /* MGSpotyView */,
				9A3FFCA01B876AE600D4945C /* MGSpotyViewTests */,
			);
		};
/* End PBXProject section */

/* Begin PBXResourcesBuildPhase section */
		9A3FFC861B876AE600D4945C /* Resources */ = {
			isa = PBXResourcesBuildPhase;
			buildActionMask = 2147483647;
			files = (
				9A3FFC9C1B876AE600D4945C /* LaunchScreen.xib in Resources */,
				9A3FFC991B876AE600D4945C /* Images.xcassets in Resources */,
			);
			runOnlyForDeploymentPostprocessing = 0;
		};
		9A3FFC9F1B876AE600D4945C /* Resources */ = {
			isa = PBXResourcesBuildPhase;
			buildActionMask = 2147483647;
			files = (
			);
			runOnlyForDeploymentPostprocessing = 0;
		};
/* End PBXResourcesBuildPhase section */

/* Begin PBXSourcesBuildPhase section */
		9A3FFC841B876AE600D4945C /* Sources */ = {
			isa = PBXSourcesBuildPhase;
			buildActionMask = 2147483647;
			files = (
				9A3FFCBD1B876B0B00D4945C /* UIImage+ImageEffects.m in Sources */,
				9A3FFCBE1B876B0B00D4945C /* UIImageView+LBBlurredImage.m in Sources */,
				9A3FFCC01B876B0B00D4945C /* MGSpotyViewController.m in Sources */,
				9A3FFC911B876AE600D4945C /* AppDelegate.m in Sources */,
				9A3FFCBF1B876B0B00D4945C /* MGSpotyView.m in Sources */,
				9A3FFCC81B876B6400D4945C /* MGViewControllerDataSource.m in Sources */,
				9A3FFCC91B876B6400D4945C /* MGViewControllerDelegate.m in Sources */,
				9A3FFCC71B876B6400D4945C /* MGViewController.m in Sources */,
				9A3FFC8E1B876AE600D4945C /* main.m in Sources */,
			);
			runOnlyForDeploymentPostprocessing = 0;
		};
		9A3FFC9D1B876AE600D4945C /* Sources */ = {
			isa = PBXSourcesBuildPhase;
			buildActionMask = 2147483647;
			files = (
				9A3FFCA81B876AE600D4945C /* MGSpotyViewTests.m in Sources */,
			);
			runOnlyForDeploymentPostprocessing = 0;
		};
/* End PBXSourcesBuildPhase section */

/* Begin PBXTargetDependency section */
		9A3FFCA31B876AE600D4945C /* PBXTargetDependency */ = {
			isa = PBXTargetDependency;
			target = 9A3FFC871B876AE600D4945C /* MGSpotyView */;
			targetProxy = 9A3FFCA21B876AE600D4945C /* PBXContainerItemProxy */;
		};
/* End PBXTargetDependency section */

/* Begin PBXVariantGroup section */
		9A3FFC9A1B876AE600D4945C /* LaunchScreen.xib */ = {
			isa = PBXVariantGroup;
			children = (
				9A3FFC9B1B876AE600D4945C /* Base */,
			);
			name = LaunchScreen.xib;
			sourceTree = "<group>";
		};
/* End PBXVariantGroup section */

/* Begin XCBuildConfiguration section */
		9A3FFCA91B876AE600D4945C /* Debug */ = {
			isa = XCBuildConfiguration;
			buildSettings = {
				ALWAYS_SEARCH_USER_PATHS = NO;
				CLANG_CXX_LANGUAGE_STANDARD = "gnu++0x";
				CLANG_CXX_LIBRARY = "libc++";
				CLANG_ENABLE_MODULES = YES;
				CLANG_ENABLE_OBJC_ARC = YES;
				CLANG_WARN_BOOL_CONVERSION = YES;
				CLANG_WARN_CONSTANT_CONVERSION = YES;
				CLANG_WARN_DIRECT_OBJC_ISA_USAGE = YES_ERROR;
				CLANG_WARN_EMPTY_BODY = YES;
				CLANG_WARN_ENUM_CONVERSION = YES;
				CLANG_WARN_INT_CONVERSION = YES;
				CLANG_WARN_OBJC_ROOT_CLASS = YES_ERROR;
				CLANG_WARN_UNREACHABLE_CODE = YES;
				CLANG_WARN__DUPLICATE_METHOD_MATCH = YES;
				"CODE_SIGN_IDENTITY[sdk=iphoneos*]" = "iPhone Developer";
				COPY_PHASE_STRIP = NO;
				DEBUG_INFORMATION_FORMAT = "dwarf-with-dsym";
				ENABLE_STRICT_OBJC_MSGSEND = YES;
				GCC_C_LANGUAGE_STANDARD = gnu99;
				GCC_DYNAMIC_NO_PIC = NO;
				GCC_NO_COMMON_BLOCKS = YES;
				GCC_OPTIMIZATION_LEVEL = 0;
				GCC_PREPROCESSOR_DEFINITIONS = (
					"DEBUG=1",
					"$(inherited)",
				);
				GCC_SYMBOLS_PRIVATE_EXTERN = NO;
				GCC_WARN_64_TO_32_BIT_CONVERSION = YES;
				GCC_WARN_ABOUT_RETURN_TYPE = YES_ERROR;
				GCC_WARN_UNDECLARED_SELECTOR = YES;
				GCC_WARN_UNINITIALIZED_AUTOS = YES_AGGRESSIVE;
				GCC_WARN_UNUSED_FUNCTION = YES;
				GCC_WARN_UNUSED_VARIABLE = YES;
				IPHONEOS_DEPLOYMENT_TARGET = 8.4;
				MTL_ENABLE_DEBUG_INFO = YES;
				ONLY_ACTIVE_ARCH = YES;
				SDKROOT = iphoneos;
				TARGETED_DEVICE_FAMILY = "1,2";
			};
			name = Debug;
		};
		9A3FFCAA1B876AE600D4945C /* Release */ = {
			isa = XCBuildConfiguration;
			buildSettings = {
				ALWAYS_SEARCH_USER_PATHS = NO;
				CLANG_CXX_LANGUAGE_STANDARD = "gnu++0x";
				CLANG_CXX_LIBRARY = "libc++";
				CLANG_ENABLE_MODULES = YES;
				CLANG_ENABLE_OBJC_ARC = YES;
				CLANG_WARN_BOOL_CONVERSION = YES;
				CLANG_WARN_CONSTANT_CONVERSION = YES;
				CLANG_WARN_DIRECT_OBJC_ISA_USAGE = YES_ERROR;
				CLANG_WARN_EMPTY_BODY = YES;
				CLANG_WARN_ENUM_CONVERSION = YES;
				CLANG_WARN_INT_CONVERSION = YES;
				CLANG_WARN_OBJC_ROOT_CLASS = YES_ERROR;
				CLANG_WARN_UNREACHABLE_CODE = YES;
				CLANG_WARN__DUPLICATE_METHOD_MATCH = YES;
				"CODE_SIGN_IDENTITY[sdk=iphoneos*]" = "iPhone Developer";
				COPY_PHASE_STRIP = NO;
				DEBUG_INFORMATION_FORMAT = "dwarf-with-dsym";
				ENABLE_NS_ASSERTIONS = NO;
				ENABLE_STRICT_OBJC_MSGSEND = YES;
				GCC_C_LANGUAGE_STANDARD = gnu99;
				GCC_NO_COMMON_BLOCKS = YES;
				GCC_WARN_64_TO_32_BIT_CONVERSION = YES;
				GCC_WARN_ABOUT_RETURN_TYPE = YES_ERROR;
				GCC_WARN_UNDECLARED_SELECTOR = YES;
				GCC_WARN_UNINITIALIZED_AUTOS = YES_AGGRESSIVE;
				GCC_WARN_UNUSED_FUNCTION = YES;
				GCC_WARN_UNUSED_VARIABLE = YES;
				IPHONEOS_DEPLOYMENT_TARGET = 8.4;
				MTL_ENABLE_DEBUG_INFO = NO;
				SDKROOT = iphoneos;
				TARGETED_DEVICE_FAMILY = "1,2";
				VALIDATE_PRODUCT = YES;
			};
			name = Release;
		};
		9A3FFCAC1B876AE600D4945C /* Debug */ = {
			isa = XCBuildConfiguration;
			buildSettings = {
				ASSETCATALOG_COMPILER_APPICON_NAME = AppIcon;
				INFOPLIST_FILE = MGSpotyView/Info.plist;
				IPHONEOS_DEPLOYMENT_TARGET = 7.0;
				LD_RUNPATH_SEARCH_PATHS = "$(inherited) @executable_path/Frameworks";
				PRODUCT_NAME = "$(TARGET_NAME)";
			};
			name = Debug;
		};
		9A3FFCAD1B876AE600D4945C /* Release */ = {
			isa = XCBuildConfiguration;
			buildSettings = {
				ASSETCATALOG_COMPILER_APPICON_NAME = AppIcon;
				INFOPLIST_FILE = MGSpotyView/Info.plist;
				IPHONEOS_DEPLOYMENT_TARGET = 7.0;
				LD_RUNPATH_SEARCH_PATHS = "$(inherited) @executable_path/Frameworks";
				PRODUCT_NAME = "$(TARGET_NAME)";
			};
			name = Release;
		};
		9A3FFCAF1B876AE600D4945C /* Debug */ = {
			isa = XCBuildConfiguration;
			buildSettings = {
				BUNDLE_LOADER = "$(TEST_HOST)";
				FRAMEWORK_SEARCH_PATHS = (
					"$(SDKROOT)/Developer/Library/Frameworks",
					"$(inherited)",
				);
				GCC_PREPROCESSOR_DEFINITIONS = (
					"DEBUG=1",
					"$(inherited)",
				);
				INFOPLIST_FILE = MGSpotyViewTests/Info.plist;
				LD_RUNPATH_SEARCH_PATHS = "$(inherited) @executable_path/Frameworks @loader_path/Frameworks";
				PRODUCT_NAME = "$(TARGET_NAME)";
				TEST_HOST = "$(BUILT_PRODUCTS_DIR)/MGSpotyView.app/MGSpotyView";
			};
			name = Debug;
		};
		9A3FFCB01B876AE600D4945C /* Release */ = {
			isa = XCBuildConfiguration;
			buildSettings = {
				BUNDLE_LOADER = "$(TEST_HOST)";
				FRAMEWORK_SEARCH_PATHS = (
					"$(SDKROOT)/Developer/Library/Frameworks",
					"$(inherited)",
				);
				INFOPLIST_FILE = MGSpotyViewTests/Info.plist;
				LD_RUNPATH_SEARCH_PATHS = "$(inherited) @executable_path/Frameworks @loader_path/Frameworks";
				PRODUCT_NAME = "$(TARGET_NAME)";
				TEST_HOST = "$(BUILT_PRODUCTS_DIR)/MGSpotyView.app/MGSpotyView";
			};
			name = Release;
		};
/* End XCBuildConfiguration section */

/* Begin XCConfigurationList section */
		9A3FFC831B876AE600D4945C /* Build configuration list for PBXProject "MGSpotyView" */ = {
			isa = XCConfigurationList;
			buildConfigurations = (
				9A3FFCA91B876AE600D4945C /* Debug */,
				9A3FFCAA1B876AE600D4945C /* Release */,
			);
			defaultConfigurationIsVisible = 0;
			defaultConfigurationName = Release;
		};
		9A3FFCAB1B876AE600D4945C /* Build configuration list for PBXNativeTarget "MGSpotyView" */ = {
			isa = XCConfigurationList;
			buildConfigurations = (
				9A3FFCAC1B876AE600D4945C /* Debug */,
				9A3FFCAD1B876AE600D4945C /* Release */,
			);
			defaultConfigurationIsVisible = 0;
			defaultConfigurationName = Release;
		};
		9A3FFCAE1B876AE600D4945C /* Build configuration list for PBXNativeTarget "MGSpotyViewTests" */ = {
			isa = XCConfigurationList;
			buildConfigurations = (
				9A3FFCAF1B876AE600D4945C /* Debug */,
				9A3FFCB01B876AE600D4945C /* Release */,
			);
			defaultConfigurationIsVisible = 0;
			defaultConfigurationName = Release;
		};
/* End XCConfigurationList section */
	};
	rootObject = 9A3FFC801B876AE600D4945C /* Project object */;
}
